
Microsoft Visual Studio Solution File, Format Version 12.00
# Visual Studio Version 17
VisualStudioVersion = 17.8.34316.72
MinimumVisualStudioVersion = 10.0.40219.1
Project("{9A19103F-16F7-4668-BE54-9A1E7A4F7556}") = "ITDeskServer", "ITDeskServer.csproj", "{4117395C-BD48-4737-95E4-C6425F7BF9CA}"
EndProject
Global
	GlobalSection(SolutionConfigurationPlatforms) = preSolution
		Debug|Any CPU = Debug|Any CPU
		Release|Any CPU = Release|Any CPU
	EndGlobalSection
	GlobalSection(ProjectConfigurationPlatforms) = postSolution
		{4117395C-BD48-4737-95E4-C6425F7BF9CA}.Debug|Any CPU.ActiveCfg = Debug|Any CPU
		{4117395C-BD48-4737-95E4-C6425F7BF9CA}.Debug|Any CPU.Build.0 = Debug|Any CPU
		{4117395C-BD48-4737-95E4-C6425F7BF9CA}.Release|Any CPU.ActiveCfg = Release|Any CPU
		{4117395C-BD48-4737-95E4-C6425F7BF9CA}.Release|Any CPU.Build.0 = Release|Any CPU
	EndGlobalSection
	GlobalSection(SolutionProperties) = preSolution
		HideSolutionNode = FALSE
	EndGlobalSection
	GlobalSection(ExtensibilityGlobals) = postSolution
		SolutionGuid = {D5C43F1B-02A0-40C8-8DE7-DFA7E106C240}
	EndGlobalSection
EndGlobal
